
Microsoft Visual Studio Solution File, Format Version 12.00
# Visual Studio 14
VisualStudioVersion = 14.0.25420.1
MinimumVisualStudioVersion = 10.0.40219.1
Project("{FAE04EC0-301F-11D3-BF4B-00C04F79EFBC}") = "TestProjectUI", "TestProjectUI\TestProjectUI.csproj", "{377683B4-BD43-403C-9C7A-68C0CC28BD31}"
EndProject
Global
	GlobalSection(SolutionConfigurationPlatforms) = preSolution
		Debug|Any CPU = Debug|Any CPU
		Release|Any CPU = Release|Any CPU
	EndGlobalSection
	GlobalSection(ProjectConfigurationPlatforms) = postSolution
		{377683B4-BD43-403C-9C7A-68C0CC28BD31}.Debug|Any CPU.ActiveCfg = Debug|Any CPU
		{377683B4-BD43-403C-9C7A-68C0CC28BD31}.Debug|Any CPU.Build.0 = Debug|Any CPU
		{377683B4-BD43-403C-9C7A-68C0CC28BD31}.Release|Any CPU.ActiveCfg = Release|Any CPU
		{377683B4-BD43-403C-9C7A-68C0CC28BD31}.Release|Any CPU.Build.0 = Release|Any CPU
	EndGlobalSection
	GlobalSection(SolutionProperties) = preSolution
		HideSolutionNode = FALSE
	EndGlobalSection
EndGlobal
